
Microsoft Visual Studio Solution File, Format Version 12.00
# Visual Studio 15
Project("{FAE04EC0-301F-11D3-BF4B-00C04F79EFBC}") = "KaynJungle.API", "KaynJungle\KaynJungle.API.csproj", "{2C058E4A-CAD9-4232-A448-D31D1359928B}"
EndProject
Project("{FAE04EC0-301F-11D3-BF4B-00C04F79EFBC}") = "KaynJungle.Core", "KaynJungle.Core\KaynJungle.Core.csproj", "{47A25CF5-83A0-4EF1-A085-C3A9651887FC}"
EndProject
Project("{FAE04EC0-301F-11D3-BF4B-00C04F79EFBC}") = "KaynJungle.BL", "KaynJungle.BL\KaynJungle.BL.csproj", "{5C22AD69-51C7-4D3F-9B00-9EFE4D14FDDD}"
EndProject
Project("{FAE04EC0-301F-11D3-BF4B-00C04F79EFBC}") = "KaynJungle.DAL", "KaynJungle.DAL\KaynJungle.DAL.csproj", "{4919C369-4CDF-4D02-BFFA-0845C0A04857}"
EndProject
Global
	GlobalSection(SolutionConfigurationPlatforms) = preSolution
		Debug|Any CPU = Debug|Any CPU
		Release|Any CPU = Release|Any CPU
	EndGlobalSection
	GlobalSection(ProjectConfigurationPlatforms) = postSolution
		{2C058E4A-CAD9-4232-A448-D31D1359928B}.Debug|Any CPU.ActiveCfg = Debug|Any CPU
		{2C058E4A-CAD9-4232-A448-D31D1359928B}.Debug|Any CPU.Build.0 = Debug|Any CPU
		{2C058E4A-CAD9-4232-A448-D31D1359928B}.Release|Any CPU.ActiveCfg = Release|Any CPU
		{2C058E4A-CAD9-4232-A448-D31D1359928B}.Release|Any CPU.Build.0 = Release|Any CPU
		{47A25CF5-83A0-4EF1-A085-C3A9651887FC}.Debug|Any CPU.ActiveCfg = Debug|Any CPU
		{47A25CF5-83A0-4EF1-A085-C3A9651887FC}.Debug|Any CPU.Build.0 = Debug|Any CPU
		{47A25CF5-83A0-4EF1-A085-C3A9651887FC}.Release|Any CPU.ActiveCfg = Release|Any CPU
		{47A25CF5-83A0-4EF1-A085-C3A9651887FC}.Release|Any CPU.Build.0 = Release|Any CPU
		{5C22AD69-51C7-4D3F-9B00-9EFE4D14FDDD}.Debug|Any CPU.ActiveCfg = Debug|Any CPU
		{5C22AD69-51C7-4D3F-9B00-9EFE4D14FDDD}.Debug|Any CPU.Build.0 = Debug|Any CPU
		{5C22AD69-51C7-4D3F-9B00-9EFE4D14FDDD}.Release|Any CPU.ActiveCfg = Release|Any CPU
		{5C22AD69-51C7-4D3F-9B00-9EFE4D14FDDD}.Release|Any CPU.Build.0 = Release|Any CPU
		{4919C369-4CDF-4D02-BFFA-0845C0A04857}.Debug|Any CPU.ActiveCfg = Debug|Any CPU
		{4919C369-4CDF-4D02-BFFA-0845C0A04857}.Debug|Any CPU.Build.0 = Debug|Any CPU
		{4919C369-4CDF-4D02-BFFA-0845C0A04857}.Release|Any CPU.ActiveCfg = Release|Any CPU
		{4919C369-4CDF-4D02-BFFA-0845C0A04857}.Release|Any CPU.Build.0 = Release|Any CPU
	EndGlobalSection
EndGlobal
